
Microsoft Visual Studio Solution File, Format Version 12.00
# Visual Studio Version 17
VisualStudioVersion = 17.0.31903.59
MinimumVisualStudioVersion = 10.0.40219.1
Project("{FAE04EC0-301F-11D3-BF4B-00C04F79EFBC}") = "RiskyStars.Shared", "RiskyStars.Shared\RiskyStars.Shared.csproj", "{7C329882-449F-43E0-9893-46BBA7EAE1AB}"
EndProject
Project("{FAE04EC0-301F-11D3-BF4B-00C04F79EFBC}") = "RiskyStars.Server", "RiskyStars.Server\RiskyStars.Server.csproj", "{069FB4BB-1702-4DCB-9902-6C6C2864E4CA}"
EndProject
Project("{FAE04EC0-301F-11D3-BF4B-00C04F79EFBC}") = "RiskyStars.Client", "RiskyStars.Client\RiskyStars.Client.csproj", "{5C5EEE13-3956-4EDE-8D37-FBA71097A58A}"
EndProject
Global
	GlobalSection(SolutionConfigurationPlatforms) = preSolution
		Debug|Any CPU = Debug|Any CPU
		Debug|x64 = Debug|x64
		Debug|x86 = Debug|x86
		Release|Any CPU = Release|Any CPU
		Release|x64 = Release|x64
		Release|x86 = Release|x86
	EndGlobalSection
	GlobalSection(ProjectConfigurationPlatforms) = postSolution
		{7C329882-449F-43E0-9893-46BBA7EAE1AB}.Debug|Any CPU.ActiveCfg = Debug|Any CPU
		{7C329882-449F-43E0-9893-46BBA7EAE1AB}.Debug|Any CPU.Build.0 = Debug|Any CPU
		{7C329882-449F-43E0-9893-46BBA7EAE1AB}.Debug|x64.ActiveCfg = Debug|Any CPU
		{7C329882-449F-43E0-9893-46BBA7EAE1AB}.Debug|x64.Build.0 = Debug|Any CPU
		{7C329882-449F-43E0-9893-46BBA7EAE1AB}.Debug|x86.ActiveCfg = Debug|Any CPU
		{7C329882-449F-43E0-9893-46BBA7EAE1AB}.Debug|x86.Build.0 = Debug|Any CPU
		{7C329882-449F-43E0-9893-46BBA7EAE1AB}.Release|Any CPU.ActiveCfg = Release|Any CPU
		{7C329882-449F-43E0-9893-46BBA7EAE1AB}.Release|Any CPU.Build.0 = Release|Any CPU
		{7C329882-449F-43E0-9893-46BBA7EAE1AB}.Release|x64.ActiveCfg = Release|Any CPU
		{7C329882-449F-43E0-9893-46BBA7EAE1AB}.Release|x64.Build.0 = Release|Any CPU
		{7C329882-449F-43E0-9893-46BBA7EAE1AB}.Release|x86.ActiveCfg = Release|Any CPU
		{7C329882-449F-43E0-9893-46BBA7EAE1AB}.Release|x86.Build.0 = Release|Any CPU
		{069FB4BB-1702-4DCB-9902-6C6C2864E4CA}.Debug|Any CPU.ActiveCfg = Debug|Any CPU
		{069FB4BB-1702-4DCB-9902-6C6C2864E4CA}.Debug|Any CPU.Build.0 = Debug|Any CPU
		{069FB4BB-1702-4DCB-9902-6C6C2864E4CA}.Debug|x64.ActiveCfg = Debug|Any CPU
		{069FB4BB-1702-4DCB-9902-6C6C2864E4CA}.Debug|x64.Build.0 = Debug|Any CPU
		{069FB4BB-1702-4DCB-9902-6C6C2864E4CA}.Debug|x86.ActiveCfg = Debug|Any CPU
		{069FB4BB-1702-4DCB-9902-6C6C2864E4CA}.Debug|x86.Build.0 = Debug|Any CPU
		{069FB4BB-1702-4DCB-9902-6C6C2864E4CA}.Release|Any CPU.ActiveCfg = Release|Any CPU
		{069FB4BB-1702-4DCB-9902-6C6C2864E4CA}.Release|Any CPU.Build.0 = Release|Any CPU
		{069FB4BB-1702-4DCB-9902-6C6C2864E4CA}.Release|x64.ActiveCfg = Release|Any CPU
		{069FB4BB-1702-4DCB-9902-6C6C2864E4CA}.Release|x64.Build.0 = Release|Any CPU
		{069FB4BB-1702-4DCB-9902-6C6C2864E4CA}.Release|x86.ActiveCfg = Release|Any CPU
		{069FB4BB-1702-4DCB-9902-6C6C2864E4CA}.Release|x86.Build.0 = Release|Any CPU
		{5C5EEE13-3956-4EDE-8D37-FBA71097A58A}.Debug|Any CPU.ActiveCfg = Debug|Any CPU
		{5C5EEE13-3956-4EDE-8D37-FBA71097A58A}.Debug|Any CPU.Build.0 = Debug|Any CPU
		{5C5EEE13-3956-4EDE-8D37-FBA71097A58A}.Debug|x64.ActiveCfg = Debug|Any CPU
		{5C5EEE13-3956-4EDE-8D37-FBA71097A58A}.Debug|x64.Build.0 = Debug|Any CPU
		{5C5EEE13-3956-4EDE-8D37-FBA71097A58A}.Debug|x86.ActiveCfg = Debug|Any CPU
		{5C5EEE13-3956-4EDE-8D37-FBA71097A58A}.Debug|x86.Build.0 = Debug|Any CPU
		{5C5EEE13-3956-4EDE-8D37-FBA71097A58A}.Release|Any CPU.ActiveCfg = Release|Any CPU
		{5C5EEE13-3956-4EDE-8D37-FBA71097A58A}.Release|Any CPU.Build.0 = Release|Any CPU
		{5C5EEE13-3956-4EDE-8D37-FBA71097A58A}.Release|x64.ActiveCfg = Release|Any CPU
		{5C5EEE13-3956-4EDE-8D37-FBA71097A58A}.Release|x64.Build.0 = Release|Any CPU
		{5C5EEE13-3956-4EDE-8D37-FBA71097A58A}.Release|x86.ActiveCfg = Release|Any CPU
		{5C5EEE13-3956-4EDE-8D37-FBA71097A58A}.Release|x86.Build.0 = Release|Any CPU
	EndGlobalSection
	GlobalSection(SolutionProperties) = preSolution
		HideSolutionNode = FALSE
	EndGlobalSection
EndGlobal
